
Microsoft Visual Studio Solution File, Format Version 12.00
# Visual Studio Version 16
VisualStudioVersion = 16.0.30621.155
MinimumVisualStudioVersion = 10.0.40219.1
Project("{9A19103F-16F7-4668-BE54-9A1E7A4F7556}") = "PudelkoApp", "Pudelko.App\PudelkoApp.csproj", "{7BB91011-3F55-4BA8-B7AB-5CB0FEF25B77}"
EndProject
Project("{9A19103F-16F7-4668-BE54-9A1E7A4F7556}") = "PudelkoLibrary", "Pudelko.Library\PudelkoLibrary.csproj", "{A379725E-0830-4E5E-8C1E-84B1331AB1B2}"
EndProject
Project("{9A19103F-16F7-4668-BE54-9A1E7A4F7556}") = "PudelkoUnitTests", "Pudelko.UnitTests\PudelkoUnitTests.csproj", "{FB766DB2-96D5-4251-8F9E-79B18719E015}"
EndProject
Global
	GlobalSection(SolutionConfigurationPlatforms) = preSolution
		Debug|Any CPU = Debug|Any CPU
		Release|Any CPU = Release|Any CPU
	EndGlobalSection
	GlobalSection(ProjectConfigurationPlatforms) = postSolution
		{7BB91011-3F55-4BA8-B7AB-5CB0FEF25B77}.Debug|Any CPU.ActiveCfg = Debug|Any CPU
		{7BB91011-3F55-4BA8-B7AB-5CB0FEF25B77}.Debug|Any CPU.Build.0 = Debug|Any CPU
		{7BB91011-3F55-4BA8-B7AB-5CB0FEF25B77}.Release|Any CPU.ActiveCfg = Release|Any CPU
		{7BB91011-3F55-4BA8-B7AB-5CB0FEF25B77}.Release|Any CPU.Build.0 = Release|Any CPU
		{A379725E-0830-4E5E-8C1E-84B1331AB1B2}.Debug|Any CPU.ActiveCfg = Debug|Any CPU
		{A379725E-0830-4E5E-8C1E-84B1331AB1B2}.Debug|Any CPU.Build.0 = Debug|Any CPU
		{A379725E-0830-4E5E-8C1E-84B1331AB1B2}.Release|Any CPU.ActiveCfg = Release|Any CPU
		{A379725E-0830-4E5E-8C1E-84B1331AB1B2}.Release|Any CPU.Build.0 = Release|Any CPU
		{FB766DB2-96D5-4251-8F9E-79B18719E015}.Debug|Any CPU.ActiveCfg = Debug|Any CPU
		{FB766DB2-96D5-4251-8F9E-79B18719E015}.Debug|Any CPU.Build.0 = Debug|Any CPU
		{FB766DB2-96D5-4251-8F9E-79B18719E015}.Release|Any CPU.ActiveCfg = Release|Any CPU
		{FB766DB2-96D5-4251-8F9E-79B18719E015}.Release|Any CPU.Build.0 = Release|Any CPU
	EndGlobalSection
	GlobalSection(SolutionProperties) = preSolution
		HideSolutionNode = FALSE
	EndGlobalSection
	GlobalSection(ExtensibilityGlobals) = postSolution
		SolutionGuid = {2A082C6F-16AF-4B4E-B99C-EF99B7345405}
	EndGlobalSection
EndGlobal
